
Microsoft Visual Studio Solution File, Format Version 12.00
# Visual Studio Version 17
VisualStudioVersion = 17.8.34511.84
MinimumVisualStudioVersion = 10.0.40219.1
Project("{FAE04EC0-301F-11D3-BF4B-00C04F79EFBC}") = "MusicStore", "MusicStore\MusicStore.csproj", "{FE5850D3-7417-483D-93FE-F87E0B2AD41E}"
EndProject
Global
	GlobalSection(SolutionConfigurationPlatforms) = preSolution
		Debug|Any CPU = Debug|Any CPU
		Release|Any CPU = Release|Any CPU
	EndGlobalSection
	GlobalSection(ProjectConfigurationPlatforms) = postSolution
		{FE5850D3-7417-483D-93FE-F87E0B2AD41E}.Debug|Any CPU.ActiveCfg = Debug|Any CPU
		{FE5850D3-7417-483D-93FE-F87E0B2AD41E}.Debug|Any CPU.Build.0 = Debug|Any CPU
		{FE5850D3-7417-483D-93FE-F87E0B2AD41E}.Release|Any CPU.ActiveCfg = Release|Any CPU
		{FE5850D3-7417-483D-93FE-F87E0B2AD41E}.Release|Any CPU.Build.0 = Release|Any CPU
	EndGlobalSection
	GlobalSection(SolutionProperties) = preSolution
		HideSolutionNode = FALSE
	EndGlobalSection
	GlobalSection(ExtensibilityGlobals) = postSolution
		SolutionGuid = {E51FCA32-58AF-4A5F-BAFA-64055D73722D}
	EndGlobalSection
EndGlobal
